
Microsoft Visual Studio Solution File, Format Version 12.00
# Visual Studio Version 17
VisualStudioVersion = 17.12.35527.113 d17.12
MinimumVisualStudioVersion = 10.0.40219.1
Project("{FAE04EC0-301F-11D3-BF4B-00C04F79EFBC}") = "jewelsLongBeach.Server", "jewelsLongBeach.Server\jewelsLongBeach.Server.csproj", "{5CC6C2AA-8FC5-48B9-B746-B892D205C0F7}"
EndProject
Project("{54A90642-561A-4BB1-A94E-469ADEE60C69}") = "jewelslongbeach.client", "jewelslongbeach.client\jewelslongbeach.client.esproj", "{93E982AF-68AC-43C5-9A5E-7F6CF1C016EE}"
EndProject
Global
	GlobalSection(SolutionConfigurationPlatforms) = preSolution
		Debug|Any CPU = Debug|Any CPU
		Release|Any CPU = Release|Any CPU
	EndGlobalSection
	GlobalSection(ProjectConfigurationPlatforms) = postSolution
		{5CC6C2AA-8FC5-48B9-B746-B892D205C0F7}.Debug|Any CPU.ActiveCfg = Debug|Any CPU
		{5CC6C2AA-8FC5-48B9-B746-B892D205C0F7}.Debug|Any CPU.Build.0 = Debug|Any CPU
		{5CC6C2AA-8FC5-48B9-B746-B892D205C0F7}.Release|Any CPU.ActiveCfg = Release|Any CPU
		{5CC6C2AA-8FC5-48B9-B746-B892D205C0F7}.Release|Any CPU.Build.0 = Release|Any CPU
		{93E982AF-68AC-43C5-9A5E-7F6CF1C016EE}.Debug|Any CPU.ActiveCfg = Debug|Any CPU
		{93E982AF-68AC-43C5-9A5E-7F6CF1C016EE}.Debug|Any CPU.Build.0 = Debug|Any CPU
		{93E982AF-68AC-43C5-9A5E-7F6CF1C016EE}.Debug|Any CPU.Deploy.0 = Debug|Any CPU
		{93E982AF-68AC-43C5-9A5E-7F6CF1C016EE}.Release|Any CPU.ActiveCfg = Release|Any CPU
		{93E982AF-68AC-43C5-9A5E-7F6CF1C016EE}.Release|Any CPU.Build.0 = Release|Any CPU
		{93E982AF-68AC-43C5-9A5E-7F6CF1C016EE}.Release|Any CPU.Deploy.0 = Release|Any CPU
	EndGlobalSection
	GlobalSection(SolutionProperties) = preSolution
		HideSolutionNode = FALSE
	EndGlobalSection
EndGlobal
